
Microsoft Visual Studio Solution File, Format Version 12.00
# Visual Studio Version 17
VisualStudioVersion = 17.2.32519.379
MinimumVisualStudioVersion = 10.0.40219.1
Project("{FAE04EC0-301F-11D3-BF4B-00C04F79EFBC}") = "AniVision.Web.Client", "src\AniVision.Web.Client\AniVision.Web.Client.csproj", "{33EB1E61-D532-4444-9968-5ABAD571C119}"
EndProject
Project("{2150E333-8FDC-42A3-9474-1A3956D46DE8}") = "Source", "Source", "{E65BA6DF-F8DB-4018-9377-4700B69A3626}"
EndProject
Global
	GlobalSection(SolutionConfigurationPlatforms) = preSolution
		Debug|Any CPU = Debug|Any CPU
		Release|Any CPU = Release|Any CPU
	EndGlobalSection
	GlobalSection(ProjectConfigurationPlatforms) = postSolution
		{33EB1E61-D532-4444-9968-5ABAD571C119}.Debug|Any CPU.ActiveCfg = Debug|Any CPU
		{33EB1E61-D532-4444-9968-5ABAD571C119}.Debug|Any CPU.Build.0 = Debug|Any CPU
		{33EB1E61-D532-4444-9968-5ABAD571C119}.Release|Any CPU.ActiveCfg = Release|Any CPU
		{33EB1E61-D532-4444-9968-5ABAD571C119}.Release|Any CPU.Build.0 = Release|Any CPU
	EndGlobalSection
	GlobalSection(SolutionProperties) = preSolution
		HideSolutionNode = FALSE
	EndGlobalSection
	GlobalSection(NestedProjects) = preSolution
		{33EB1E61-D532-4444-9968-5ABAD571C119} = {E65BA6DF-F8DB-4018-9377-4700B69A3626}
	EndGlobalSection
	GlobalSection(ExtensibilityGlobals) = postSolution
		SolutionGuid = {48F262A8-1E74-4402-BAD4-6E3649F5339E}
	EndGlobalSection
EndGlobal
